
Microsoft Visual Studio Solution File, Format Version 12.00
# Visual Studio Version 17
VisualStudioVersion = 17.5.33516.290
MinimumVisualStudioVersion = 10.0.40219.1
Project("{9A19103F-16F7-4668-BE54-9A1E7A4F7556}") = "ZapateriaAPI", "ZapateriaAPI\ZapateriaAPI.csproj", "{479F5F51-B083-4F6E-B78C-CA26C4804D53}"
EndProject
Global
	GlobalSection(SolutionConfigurationPlatforms) = preSolution
		Debug|Any CPU = Debug|Any CPU
		Release|Any CPU = Release|Any CPU
	EndGlobalSection
	GlobalSection(ProjectConfigurationPlatforms) = postSolution
		{479F5F51-B083-4F6E-B78C-CA26C4804D53}.Debug|Any CPU.ActiveCfg = Debug|Any CPU
		{479F5F51-B083-4F6E-B78C-CA26C4804D53}.Debug|Any CPU.Build.0 = Debug|Any CPU
		{479F5F51-B083-4F6E-B78C-CA26C4804D53}.Release|Any CPU.ActiveCfg = Release|Any CPU
		{479F5F51-B083-4F6E-B78C-CA26C4804D53}.Release|Any CPU.Build.0 = Release|Any CPU
	EndGlobalSection
	GlobalSection(SolutionProperties) = preSolution
		HideSolutionNode = FALSE
	EndGlobalSection
	GlobalSection(ExtensibilityGlobals) = postSolution
		SolutionGuid = {50B84A92-116A-4C83-9B54-74FF565D45C6}
	EndGlobalSection
EndGlobal
